
Microsoft Visual Studio Solution File, Format Version 12.00
# Visual Studio Version 17
VisualStudioVersion = 17.0.32014.148
MinimumVisualStudioVersion = 10.0.40219.1
Project("{2150E333-8FDC-42A3-9474-1A3956D46DE8}") = "Frontend", "Frontend", "{56D47523-F568-4060-A3C4-187DA1475309}"
EndProject
Project("{FAE04EC0-301F-11D3-BF4B-00C04F79EFBC}") = "Restaurant.Web", "Restaurant.Web\Restaurant.Web.csproj", "{09A784B5-629C-411F-96DF-41CF756D3BD7}"
EndProject
Project("{2150E333-8FDC-42A3-9474-1A3956D46DE8}") = "Services", "Services", "{0D4766AB-F1A3-4250-B659-5F52A21A6D3A}"
EndProject
Project("{FAE04EC0-301F-11D3-BF4B-00C04F79EFBC}") = "Restaurant.Services.Product", "Restaurant.Services.Product\Restaurant.Services.Product.csproj", "{17480310-0111-4F7F-93C5-D80D011B9D74}"
EndProject
Project("{2150E333-8FDC-42A3-9474-1A3956D46DE8}") = "Solution Items", "Solution Items", "{97DA0AB9-2B7B-4686-8AD3-C5EEBF591B35}"
	ProjectSection(SolutionItems) = preProject
		.gitignore = .gitignore
	EndProjectSection
EndProject
Global
	GlobalSection(SolutionConfigurationPlatforms) = preSolution
		Debug|Any CPU = Debug|Any CPU
		Release|Any CPU = Release|Any CPU
	EndGlobalSection
	GlobalSection(ProjectConfigurationPlatforms) = postSolution
		{09A784B5-629C-411F-96DF-41CF756D3BD7}.Debug|Any CPU.ActiveCfg = Debug|Any CPU
		{09A784B5-629C-411F-96DF-41CF756D3BD7}.Debug|Any CPU.Build.0 = Debug|Any CPU
		{09A784B5-629C-411F-96DF-41CF756D3BD7}.Release|Any CPU.ActiveCfg = Release|Any CPU
		{09A784B5-629C-411F-96DF-41CF756D3BD7}.Release|Any CPU.Build.0 = Release|Any CPU
		{17480310-0111-4F7F-93C5-D80D011B9D74}.Debug|Any CPU.ActiveCfg = Debug|Any CPU
		{17480310-0111-4F7F-93C5-D80D011B9D74}.Debug|Any CPU.Build.0 = Debug|Any CPU
		{17480310-0111-4F7F-93C5-D80D011B9D74}.Release|Any CPU.ActiveCfg = Release|Any CPU
		{17480310-0111-4F7F-93C5-D80D011B9D74}.Release|Any CPU.Build.0 = Release|Any CPU
	EndGlobalSection
	GlobalSection(SolutionProperties) = preSolution
		HideSolutionNode = FALSE
	EndGlobalSection
	GlobalSection(NestedProjects) = preSolution
		{09A784B5-629C-411F-96DF-41CF756D3BD7} = {56D47523-F568-4060-A3C4-187DA1475309}
		{17480310-0111-4F7F-93C5-D80D011B9D74} = {0D4766AB-F1A3-4250-B659-5F52A21A6D3A}
	EndGlobalSection
	GlobalSection(ExtensibilityGlobals) = postSolution
		SolutionGuid = {BF0DCD2C-DA37-44BD-A484-B3B30D2604C7}
	EndGlobalSection
EndGlobal
